
Microsoft Visual Studio Solution File, Format Version 12.00
# Visual Studio Version 17
VisualStudioVersion = 17.7.34009.444
MinimumVisualStudioVersion = 10.0.40219.1
Project("{9A19103F-16F7-4668-BE54-9A1E7A4F7556}") = "UserMicroservice.Api", "UserMicroservice.Api\UserMicroservice.Api.csproj", "{A0F99098-45A7-4D89-B34A-02AA0EDE59EB}"
EndProject
Project("{9A19103F-16F7-4668-BE54-9A1E7A4F7556}") = "UserMicroservice.Core", "UserMicroservice.Core\UserMicroservice.Core.csproj", "{7D2D25DE-3C0D-4D0D-9042-8323BCEF7EF5}"
EndProject
Project("{9A19103F-16F7-4668-BE54-9A1E7A4F7556}") = "UserMicroservice.DataAccess", "UserMicroservice.DataAccess\UserMicroservice.DataAccess.csproj", "{BB72615A-F8C0-4661-8871-CEE8F7EB7C57}"
EndProject
Project("{9A19103F-16F7-4668-BE54-9A1E7A4F7556}") = "UserMicroservice.ApplicationServices", "UserMicroservice.ApplicationServices\UserMicroservice.ApplicationServices.csproj", "{09488B5A-2093-4AF7-899C-6A7E550A05B4}"
EndProject
Project("{9A19103F-16F7-4668-BE54-9A1E7A4F7556}") = "UserMicroservice.Shared", "UserMicroservice.Shared\UserMicroservice.Shared.csproj", "{D3689D5E-2A9D-4E16-94EE-08AA0C22E19C}"
EndProject
Project("{E53339B2-1760-4266-BCC7-CA923CBCF16C}") = "docker-compose", "docker-compose.dcproj", "{B2A2F05B-CAD9-4B2A-B331-BE6CD934F17B}"
EndProject
Project("{9A19103F-16F7-4668-BE54-9A1E7A4F7556}") = "UserMicroservice.UnitTest", "UserMicroservice.UnitTest\UserMicroservice.UnitTest.csproj", "{CF1F26AC-D243-4417-A0BA-9FFB367925CC}"
EndProject
Project("{9A19103F-16F7-4668-BE54-9A1E7A4F7556}") = "UserMicroservice.Client", "UserMicroservice.Client\UserMicroservice.Client.csproj", "{12E0F76E-72E7-45F5-9BAB-735EBDED799F}"
EndProject
Global
	GlobalSection(SolutionConfigurationPlatforms) = preSolution
		Debug|Any CPU = Debug|Any CPU
		Release|Any CPU = Release|Any CPU
	EndGlobalSection
	GlobalSection(ProjectConfigurationPlatforms) = postSolution
		{A0F99098-45A7-4D89-B34A-02AA0EDE59EB}.Debug|Any CPU.ActiveCfg = Debug|Any CPU
		{A0F99098-45A7-4D89-B34A-02AA0EDE59EB}.Debug|Any CPU.Build.0 = Debug|Any CPU
		{A0F99098-45A7-4D89-B34A-02AA0EDE59EB}.Release|Any CPU.ActiveCfg = Release|Any CPU
		{A0F99098-45A7-4D89-B34A-02AA0EDE59EB}.Release|Any CPU.Build.0 = Release|Any CPU
		{7D2D25DE-3C0D-4D0D-9042-8323BCEF7EF5}.Debug|Any CPU.ActiveCfg = Debug|Any CPU
		{7D2D25DE-3C0D-4D0D-9042-8323BCEF7EF5}.Debug|Any CPU.Build.0 = Debug|Any CPU
		{7D2D25DE-3C0D-4D0D-9042-8323BCEF7EF5}.Release|Any CPU.ActiveCfg = Release|Any CPU
		{7D2D25DE-3C0D-4D0D-9042-8323BCEF7EF5}.Release|Any CPU.Build.0 = Release|Any CPU
		{BB72615A-F8C0-4661-8871-CEE8F7EB7C57}.Debug|Any CPU.ActiveCfg = Debug|Any CPU
		{BB72615A-F8C0-4661-8871-CEE8F7EB7C57}.Debug|Any CPU.Build.0 = Debug|Any CPU
		{BB72615A-F8C0-4661-8871-CEE8F7EB7C57}.Release|Any CPU.ActiveCfg = Release|Any CPU
		{BB72615A-F8C0-4661-8871-CEE8F7EB7C57}.Release|Any CPU.Build.0 = Release|Any CPU
		{09488B5A-2093-4AF7-899C-6A7E550A05B4}.Debug|Any CPU.ActiveCfg = Debug|Any CPU
		{09488B5A-2093-4AF7-899C-6A7E550A05B4}.Debug|Any CPU.Build.0 = Debug|Any CPU
		{09488B5A-2093-4AF7-899C-6A7E550A05B4}.Release|Any CPU.ActiveCfg = Release|Any CPU
		{09488B5A-2093-4AF7-899C-6A7E550A05B4}.Release|Any CPU.Build.0 = Release|Any CPU
		{D3689D5E-2A9D-4E16-94EE-08AA0C22E19C}.Debug|Any CPU.ActiveCfg = Debug|Any CPU
		{D3689D5E-2A9D-4E16-94EE-08AA0C22E19C}.Debug|Any CPU.Build.0 = Debug|Any CPU
		{D3689D5E-2A9D-4E16-94EE-08AA0C22E19C}.Release|Any CPU.ActiveCfg = Release|Any CPU
		{D3689D5E-2A9D-4E16-94EE-08AA0C22E19C}.Release|Any CPU.Build.0 = Release|Any CPU
		{B2A2F05B-CAD9-4B2A-B331-BE6CD934F17B}.Debug|Any CPU.ActiveCfg = Debug|Any CPU
		{B2A2F05B-CAD9-4B2A-B331-BE6CD934F17B}.Debug|Any CPU.Build.0 = Debug|Any CPU
		{B2A2F05B-CAD9-4B2A-B331-BE6CD934F17B}.Release|Any CPU.ActiveCfg = Release|Any CPU
		{B2A2F05B-CAD9-4B2A-B331-BE6CD934F17B}.Release|Any CPU.Build.0 = Release|Any CPU
		{CF1F26AC-D243-4417-A0BA-9FFB367925CC}.Debug|Any CPU.ActiveCfg = Debug|Any CPU
		{CF1F26AC-D243-4417-A0BA-9FFB367925CC}.Debug|Any CPU.Build.0 = Debug|Any CPU
		{CF1F26AC-D243-4417-A0BA-9FFB367925CC}.Release|Any CPU.ActiveCfg = Release|Any CPU
		{CF1F26AC-D243-4417-A0BA-9FFB367925CC}.Release|Any CPU.Build.0 = Release|Any CPU
		{12E0F76E-72E7-45F5-9BAB-735EBDED799F}.Debug|Any CPU.ActiveCfg = Debug|Any CPU
		{12E0F76E-72E7-45F5-9BAB-735EBDED799F}.Debug|Any CPU.Build.0 = Debug|Any CPU
		{12E0F76E-72E7-45F5-9BAB-735EBDED799F}.Release|Any CPU.ActiveCfg = Release|Any CPU
		{12E0F76E-72E7-45F5-9BAB-735EBDED799F}.Release|Any CPU.Build.0 = Release|Any CPU
	EndGlobalSection
	GlobalSection(SolutionProperties) = preSolution
		HideSolutionNode = FALSE
	EndGlobalSection
	GlobalSection(ExtensibilityGlobals) = postSolution
		SolutionGuid = {FDDE0155-90AA-4D13-8579-0BE4F9EC6082}
	EndGlobalSection
EndGlobal
