
Microsoft Visual Studio Solution File, Format Version 12.00
# Visual Studio Version 17
VisualStudioVersion = 17.6.33801.468
MinimumVisualStudioVersion = 10.0.40219.1
Project("{FAE04EC0-301F-11D3-BF4B-00C04F79EFBC}") = "ConsoleTest", "ConsoleTest\ConsoleTest.csproj", "{2C6C5BCC-F0B8-42E9-B6AC-2A514B5C33A6}"
EndProject
Project("{FAE04EC0-301F-11D3-BF4B-00C04F79EFBC}") = "ConsoleTest.Core", "ConsoleTest.Core\ConsoleTest.Core.csproj", "{54ADA962-6006-4AF1-BA39-3743D40734E6}"
EndProject
Global
	GlobalSection(SolutionConfigurationPlatforms) = preSolution
		Debug|Any CPU = Debug|Any CPU
		Release|Any CPU = Release|Any CPU
	EndGlobalSection
	GlobalSection(ProjectConfigurationPlatforms) = postSolution
		{2C6C5BCC-F0B8-42E9-B6AC-2A514B5C33A6}.Debug|Any CPU.ActiveCfg = Debug|Any CPU
		{2C6C5BCC-F0B8-42E9-B6AC-2A514B5C33A6}.Debug|Any CPU.Build.0 = Debug|Any CPU
		{2C6C5BCC-F0B8-42E9-B6AC-2A514B5C33A6}.Release|Any CPU.ActiveCfg = Release|Any CPU
		{2C6C5BCC-F0B8-42E9-B6AC-2A514B5C33A6}.Release|Any CPU.Build.0 = Release|Any CPU
		{54ADA962-6006-4AF1-BA39-3743D40734E6}.Debug|Any CPU.ActiveCfg = Debug|Any CPU
		{54ADA962-6006-4AF1-BA39-3743D40734E6}.Debug|Any CPU.Build.0 = Debug|Any CPU
		{54ADA962-6006-4AF1-BA39-3743D40734E6}.Release|Any CPU.ActiveCfg = Release|Any CPU
		{54ADA962-6006-4AF1-BA39-3743D40734E6}.Release|Any CPU.Build.0 = Release|Any CPU
	EndGlobalSection
	GlobalSection(SolutionProperties) = preSolution
		HideSolutionNode = FALSE
	EndGlobalSection
	GlobalSection(ExtensibilityGlobals) = postSolution
		SolutionGuid = {72070BD3-6000-4187-954B-85E9571DC9F8}
	EndGlobalSection
EndGlobal
